
Microsoft Visual Studio Solution File, Format Version 12.00
# Visual Studio 14
VisualStudioVersion = 14.0.23107.0
MinimumVisualStudioVersion = 10.0.40219.1
Project("{FAE04EC0-301F-11D3-BF4B-00C04F79EFBC}") = "PuppetMaster", "PuppetMaster\PuppetMaster.csproj", "{D122BCCA-AD80-4EAC-BBAA-8244CC8C6D3B}"
EndProject
Project("{FAE04EC0-301F-11D3-BF4B-00C04F79EFBC}") = "CommonTypes", "CommonTypes\CommonTypes.csproj", "{81E5A101-AD25-44B9-BD0C-4553CE7D4D8F}"
EndProject
Project("{FAE04EC0-301F-11D3-BF4B-00C04F79EFBC}") = "ProcessCreationService", "ProcessCreationService\ProcessCreationService.csproj", "{C5D9ABF1-023D-4B7D-AD71-62A953F77B82}"
EndProject
Project("{FAE04EC0-301F-11D3-BF4B-00C04F79EFBC}") = "Slave", "Slave\Slave.csproj", "{F2F5838C-90C1-4B28-857D-019DBF66EAD3}"
EndProject
Project("{FAE04EC0-301F-11D3-BF4B-00C04F79EFBC}") = "mylib", "mylib\mylib.csproj", "{B7AF47D2-8EB4-4853-A08D-391A4C9B83F7}"
EndProject
Global
	GlobalSection(SolutionConfigurationPlatforms) = preSolution
		Debug|Any CPU = Debug|Any CPU
		Release|Any CPU = Release|Any CPU
	EndGlobalSection
	GlobalSection(ProjectConfigurationPlatforms) = postSolution
		{D122BCCA-AD80-4EAC-BBAA-8244CC8C6D3B}.Debug|Any CPU.ActiveCfg = Debug|Any CPU
		{D122BCCA-AD80-4EAC-BBAA-8244CC8C6D3B}.Debug|Any CPU.Build.0 = Debug|Any CPU
		{D122BCCA-AD80-4EAC-BBAA-8244CC8C6D3B}.Release|Any CPU.ActiveCfg = Release|Any CPU
		{D122BCCA-AD80-4EAC-BBAA-8244CC8C6D3B}.Release|Any CPU.Build.0 = Release|Any CPU
		{81E5A101-AD25-44B9-BD0C-4553CE7D4D8F}.Debug|Any CPU.ActiveCfg = Debug|Any CPU
		{81E5A101-AD25-44B9-BD0C-4553CE7D4D8F}.Debug|Any CPU.Build.0 = Debug|Any CPU
		{81E5A101-AD25-44B9-BD0C-4553CE7D4D8F}.Release|Any CPU.ActiveCfg = Release|Any CPU
		{81E5A101-AD25-44B9-BD0C-4553CE7D4D8F}.Release|Any CPU.Build.0 = Release|Any CPU
		{C5D9ABF1-023D-4B7D-AD71-62A953F77B82}.Debug|Any CPU.ActiveCfg = Debug|Any CPU
		{C5D9ABF1-023D-4B7D-AD71-62A953F77B82}.Debug|Any CPU.Build.0 = Debug|Any CPU
		{C5D9ABF1-023D-4B7D-AD71-62A953F77B82}.Release|Any CPU.ActiveCfg = Release|Any CPU
		{C5D9ABF1-023D-4B7D-AD71-62A953F77B82}.Release|Any CPU.Build.0 = Release|Any CPU
		{F2F5838C-90C1-4B28-857D-019DBF66EAD3}.Debug|Any CPU.ActiveCfg = Debug|Any CPU
		{F2F5838C-90C1-4B28-857D-019DBF66EAD3}.Debug|Any CPU.Build.0 = Debug|Any CPU
		{F2F5838C-90C1-4B28-857D-019DBF66EAD3}.Release|Any CPU.ActiveCfg = Release|Any CPU
		{F2F5838C-90C1-4B28-857D-019DBF66EAD3}.Release|Any CPU.Build.0 = Release|Any CPU
		{B7AF47D2-8EB4-4853-A08D-391A4C9B83F7}.Debug|Any CPU.ActiveCfg = Debug|Any CPU
		{B7AF47D2-8EB4-4853-A08D-391A4C9B83F7}.Debug|Any CPU.Build.0 = Debug|Any CPU
		{B7AF47D2-8EB4-4853-A08D-391A4C9B83F7}.Release|Any CPU.ActiveCfg = Release|Any CPU
		{B7AF47D2-8EB4-4853-A08D-391A4C9B83F7}.Release|Any CPU.Build.0 = Release|Any CPU
	EndGlobalSection
	GlobalSection(SolutionProperties) = preSolution
		HideSolutionNode = FALSE
	EndGlobalSection
EndGlobal
